# THIS IS AN AUTOGENERATED FILE. DO NOT EDIT THIS FILE DIRECTLY.
# yarn lockfile v1


async@^2.0.1:
  version "2.6.3"
  resolved "https://registry.yarnpkg.com/async/-/async-2.6.3.tgz#d72625e2344a3656e3a3ad4fa749fa83299d82ff"
  integrity sha512-zflvls11DCy+dQWzTW2dzuilv8Z5X/pjfmZOWba6TNIVDm+2UDaJmXSOXlasHKfNBs8oo3M0aT50fDEWfKZjXg==
  dependencies:
    lodash "^4.17.14"

lodash@^4.15.0, lodash@^4.17.14:
  version "4.17.15"
  resolved "https://registry.yarnpkg.com/lodash/-/lodash-4.17.15.tgz#b447f6670a0455bbfeedd11392eff330ea097548"
  integrity sha512-8xOcRHvCjnocdS5cpwXQXVzmmh5e5+saE2QGoeQmbKmRS6J3VQppPOIt0MnmE+4xlZoumy0GPG0D0MVIQbNA1A==

minimist@~0.0.1:
  version "0.0.10"
  resolved "https://registry.yarnpkg.com/minimist/-/minimist-0.0.10.tgz#de3f98543dbf96082be48ad1a0c7cda836301dcf"
  integrity sha1-3j+YVD2/lggr5IrRoMfNqDYwHc8=

optimist@^0.6.1:
  version "0.6.1"
  resolved "https://registry.yarnpkg.com/optimist/-/optimist-0.6.1.tgz#da3ea74686fa21a19a111c326e90eb15a0196686"
  integrity sha1-2j6nRob6IaGaERwybpDrFaAZZoY=
  dependencies:
    minimist "~0.0.1"
    wordwrap "~0.0.2"

pdf2json@^1.1.8:
  version "1.1.8"
  resolved "https://registry.yarnpkg.com/pdf2json/-/pdf2json-1.1.8.tgz#8f268a662ee417b1b1574c362f2caaeb3b7187da"
  integrity sha512-ka7l/w+4FM5vdI8X9UihxqdTispanZ72ZKsFdghwpBaHcIhXeWCO0qs81P9modFZHf7s4znf0sxc5k6wk6L4Og==
  dependencies:
    async "^2.0.1"
    lodash "^4.15.0"
    optimist "^0.6.1"
    xmldom "^0.1.22"

pdfreader@^1.0.4:
  version "1.0.4"
  resolved "https://registry.yarnpkg.com/pdfreader/-/pdfreader-1.0.4.tgz#ef469403e92ee45e32d8b776649bf0451bfc0ad5"
  integrity sha512-A/cdflRdRZ+YzmMvKVNF9Q89WJ1Og1w+95p3Dmmp56x/s9VnE+Z0lw7/8VSFU8PU7GfXT+K69+/gjwDkcdU+fg==
  dependencies:
    pdf2json "^1.1.8"

wordwrap@~0.0.2:
  version "0.0.3"
  resolved "https://registry.yarnpkg.com/wordwrap/-/wordwrap-0.0.3.tgz#a3d5da6cd5c0bc0008d37234bbaf1bed63059107"
  integrity sha1-o9XabNXAvAAI03I0u68b7WMFkQc=

xmldom@^0.1.22:
  version "0.1.27"
  resolved "https://registry.yarnpkg.com/xmldom/-/xmldom-0.1.27.tgz#d501f97b3bdb403af8ef9ecc20573187aadac0e9"
  integrity sha1-1QH5ezvbQDr4757MIFcxh6rawOk=
